
Microsoft Visual Studio Solution File, Format Version 12.00
# Visual Studio Version 16
VisualStudioVersion = 16.0.30523.141
MinimumVisualStudioVersion = 10.0.40219.1
Project("{FAE04EC0-301F-11D3-BF4B-00C04F79EFBC}") = "Maze_Danske", "Maze_Danske\Maze_Danske.csproj", "{EB9D0DAE-C408-4E3A-A4FB-9EDA4D3083A3}"
EndProject
Global
	GlobalSection(SolutionConfigurationPlatforms) = preSolution
		Debug|Any CPU = Debug|Any CPU
		Release|Any CPU = Release|Any CPU
	EndGlobalSection
	GlobalSection(ProjectConfigurationPlatforms) = postSolution
		{EB9D0DAE-C408-4E3A-A4FB-9EDA4D3083A3}.Debug|Any CPU.ActiveCfg = Debug|Any CPU
		{EB9D0DAE-C408-4E3A-A4FB-9EDA4D3083A3}.Debug|Any CPU.Build.0 = Debug|Any CPU
		{EB9D0DAE-C408-4E3A-A4FB-9EDA4D3083A3}.Release|Any CPU.ActiveCfg = Release|Any CPU
		{EB9D0DAE-C408-4E3A-A4FB-9EDA4D3083A3}.Release|Any CPU.Build.0 = Release|Any CPU
	EndGlobalSection
	GlobalSection(SolutionProperties) = preSolution
		HideSolutionNode = FALSE
	EndGlobalSection
	GlobalSection(ExtensibilityGlobals) = postSolution
		SolutionGuid = {75253168-FE93-4411-A9AB-84F25CAB5F94}
	EndGlobalSection
EndGlobal
